
Microsoft Visual Studio Solution File, Format Version 12.00
# Visual Studio Version 16
VisualStudioVersion = 16.0.32510.428
MinimumVisualStudioVersion = 10.0.40219.1
Project("{FAE04EC0-301F-11D3-BF4B-00C04F79EFBC}") = "Notlar", "Notlar.csproj", "{CA094140-32F1-453D-A006-3733B7EA8647}"
EndProject
Global
	GlobalSection(SolutionConfigurationPlatforms) = preSolution
		Debug|Any CPU = Debug|Any CPU
		Release|Any CPU = Release|Any CPU
	EndGlobalSection
	GlobalSection(ProjectConfigurationPlatforms) = postSolution
		{CA094140-32F1-453D-A006-3733B7EA8647}.Debug|Any CPU.ActiveCfg = Debug|Any CPU
		{CA094140-32F1-453D-A006-3733B7EA8647}.Debug|Any CPU.Build.0 = Debug|Any CPU
		{CA094140-32F1-453D-A006-3733B7EA8647}.Release|Any CPU.ActiveCfg = Release|Any CPU
		{CA094140-32F1-453D-A006-3733B7EA8647}.Release|Any CPU.Build.0 = Release|Any CPU
	EndGlobalSection
	GlobalSection(SolutionProperties) = preSolution
		HideSolutionNode = FALSE
	EndGlobalSection
	GlobalSection(ExtensibilityGlobals) = postSolution
		SolutionGuid = {3912F9D4-79F5-45EF-8ED2-998DDBF196DC}
	EndGlobalSection
EndGlobal
